// !$*UTF8*$!
{
	archiveVersion = 1;
	classes = {
	};
	objectVersion = 50;
	objects = {

/* Begin PBXBuildFile section */
		188D73592138EE330008D5B0 /* AppDelegate.swift in Sources */ = {isa = PBXBuildFile; fileRef = 188D73582138EE330008D5B0 /* AppDelegate.swift */; };
		188D735B2138EE330008D5B0 /* HomeViewController.swift in Sources */ = {isa = PBXBuildFile; fileRef = 188D735A2138EE330008D5B0 /* HomeViewController.swift */; };
		188D735E2138EE330008D5B0 /* Main.storyboard in Resources */ = {isa = PBXBuildFile; fileRef = 188D735C2138EE330008D5B0 /* Main.storyboard */; };
		188D73602138EE390008D5B0 /* Assets.xcassets in Resources */ = {isa = PBXBuildFile; fileRef = 188D735F2138EE390008D5B0 /* Assets.xcassets */; };
		188D73632138EE390008D5B0 /* LaunchScreen.storyboard in Resources */ = {isa = PBXBuildFile; fileRef = 188D73612138EE390008D5B0 /* LaunchScreen.storyboard */; };
		188D736C213A06760008D5B0 /* HomeCellView.swift in Sources */ = {isa = PBXBuildFile; fileRef = 188D736B213A06760008D5B0 /* HomeCellView.swift */; };
		188D736E213AC4730008D5B0 /* UIView+Custom.swift in Sources */ = {isa = PBXBuildFile; fileRef = 188D736D213AC4730008D5B0 /* UIView+Custom.swift */; };
		188D7373213B9E390008D5B0 /* MenuBarView.swift in Sources */ = {isa = PBXBuildFile; fileRef = 188D7372213B9E390008D5B0 /* MenuBarView.swift */; };
		188D7375213BA1BE0008D5B0 /* UIColor+Custom.swift in Sources */ = {isa = PBXBuildFile; fileRef = 188D7374213BA1BE0008D5B0 /* UIColor+Custom.swift */; };
		188D7377213CBF970008D5B0 /* BaseCell.swift in Sources */ = {isa = PBXBuildFile; fileRef = 188D7376213CBF970008D5B0 /* BaseCell.swift */; };
/* End PBXBuildFile section */

/* Begin PBXFileReference section */
		188D73552138EE330008D5B0 /* WeTubeFaking.app */ = {isa = PBXFileReference; explicitFileType = wrapper.application; includeInIndex = 0; path = WeTubeFaking.app; sourceTree = BUILT_PRODUCTS_DIR; };
		188D73582138EE330008D5B0 /* AppDelegate.swift */ = {isa = PBXFileReference; lastKnownFileType = sourcecode.swift; path = AppDelegate.swift; sourceTree = "<group>"; };
		188D735A2138EE330008D5B0 /* HomeViewController.swift */ = {isa = PBXFileReference; lastKnownFileType = sourcecode.swift; path = HomeViewController.swift; sourceTree = "<group>"; };
		188D735D2138EE330008D5B0 /* Base */ = {isa = PBXFileReference; lastKnownFileType = file.storyboard; name = Base; path = Base.lproj/Main.storyboard; sourceTree = "<group>"; };
		188D735F2138EE390008D5B0 /* Assets.xcassets */ = {isa = PBXFileReference; lastKnownFileType = folder.assetcatalog; path = Assets.xcassets; sourceTree = "<group>"; };
		188D73622138EE390008D5B0 /* Base */ = {isa = PBXFileReference; lastKnownFileType = file.storyboard; name = Base; path = Base.lproj/LaunchScreen.storyboard; sourceTree = "<group>"; };
		188D73642138EE390008D5B0 /* Info.plist */ = {isa = PBXFileReference; lastKnownFileType = text.plist.xml; path = Info.plist; sourceTree = "<group>"; };
		188D736A2138EE5C0008D5B0 /* README.md */ = {isa = PBXFileReference; lastKnownFileType = net.daringfireball.markdown; path = README.md; sourceTree = "<group>"; };
		188D736B213A06760008D5B0 /* HomeCellView.swift */ = {isa = PBXFileReference; lastKnownFileType = sourcecode.swift; path = HomeCellView.swift; sourceTree = "<group>"; };
		188D736D213AC4730008D5B0 /* UIView+Custom.swift */ = {isa = PBXFileReference; lastKnownFileType = sourcecode.swift; path = "UIView+Custom.swift"; sourceTree = "<group>"; };
		188D7372213B9E390008D5B0 /* MenuBarView.swift */ = {isa = PBXFileReference; lastKnownFileType = sourcecode.swift; path = MenuBarView.swift; sourceTree = "<group>"; };
		188D7374213BA1BE0008D5B0 /* UIColor+Custom.swift */ = {isa = PBXFileReference; lastKnownFileType = sourcecode.swift; path = "UIColor+Custom.swift"; sourceTree = "<group>"; };
		188D7376213CBF970008D5B0 /* BaseCell.swift */ = {isa = PBXFileReference; lastKnownFileType = sourcecode.swift; path = BaseCell.swift; sourceTree = "<group>"; };
/* End PBXFileReference section */

/* Begin PBXFrameworksBuildPhase section */
		188D73522138EE330008D5B0 /* Frameworks */ = {
			isa = PBXFrameworksBuildPhase;
			buildActionMask = 2147483647;
			files = (
			);
			runOnlyForDeploymentPostprocessing = 0;
		};
/* End PBXFrameworksBuildPhase section */

/* Begin PBXGroup section */
		188D734C2138EE330008D5B0 = {
			isa = PBXGroup;
			children = (
				188D736A2138EE5C0008D5B0 /* README.md */,
				188D73572138EE330008D5B0 /* WeTubeFaking */,
				188D73562138EE330008D5B0 /* Products */,
			);
			sourceTree = "<group>";
		};
		188D73562138EE330008D5B0 /* Products */ = {
			isa = PBXGroup;
			children = (
				188D73552138EE330008D5B0 /* WeTubeFaking.app */,
			);
			name = Products;
			sourceTree = "<group>";
		};
		188D73572138EE330008D5B0 /* WeTubeFaking */ = {
			isa = PBXGroup;
			children = (
				188D7371213B9D610008D5B0 /* Helpers */,
				188D7370213B9D550008D5B0 /* View */,
				188D736F213B9D440008D5B0 /* ViewController */,
				188D73582138EE330008D5B0 /* AppDelegate.swift */,
				188D735C2138EE330008D5B0 /* Main.storyboard */,
				188D735F2138EE390008D5B0 /* Assets.xcassets */,
				188D73612138EE390008D5B0 /* LaunchScreen.storyboard */,
				188D73642138EE390008D5B0 /* Info.plist */,
			);
			path = WeTubeFaking;
			sourceTree = "<group>";
		};
		188D736F213B9D440008D5B0 /* ViewController */ = {
			isa = PBXGroup;
			children = (
				188D735A2138EE330008D5B0 /* HomeViewController.swift */,
			);
			path = ViewController;
			sourceTree = "<group>";
		};
		188D7370213B9D550008D5B0 /* View */ = {
			isa = PBXGroup;
			children = (
				188D736B213A06760008D5B0 /* HomeCellView.swift */,
				188D7372213B9E390008D5B0 /* MenuBarView.swift */,
				188D7376213CBF970008D5B0 /* BaseCell.swift */,
			);
			path = View;
			sourceTree = "<group>";
		};
		188D7371213B9D610008D5B0 /* Helpers */ = {
			isa = PBXGroup;
			children = (
				188D736D213AC4730008D5B0 /* UIView+Custom.swift */,
				188D7374213BA1BE0008D5B0 /* UIColor+Custom.swift */,
			);
			path = Helpers;
			sourceTree = "<group>";
		};
/* End PBXGroup section */

/* Begin PBXNativeTarget section */
		188D73542138EE330008D5B0 /* WeTubeFaking */ = {
			isa = PBXNativeTarget;
			buildConfigurationList = 188D73672138EE390008D5B0 /* Build configuration list for PBXNativeTarget "WeTubeFaking" */;
			buildPhases = (
				188D73512138EE330008D5B0 /* Sources */,
				188D73522138EE330008D5B0 /* Frameworks */,
				188D73532138EE330008D5B0 /* Resources */,
			);
			buildRules = (
			);
			dependencies = (
			);
			name = WeTubeFaking;
			productName = WeTubeFaking;
			productReference = 188D73552138EE330008D5B0 /* WeTubeFaking.app */;
			productType = "com.apple.product-type.application";
		};
/* End PBXNativeTarget section */

/* Begin PBXProject section */
		188D734D2138EE330008D5B0 /* Project object */ = {
			isa = PBXProject;
			attributes = {
				LastSwiftUpdateCheck = 0940;
				LastUpgradeCheck = 0940;
				ORGANIZATIONNAME = Marcos;
				TargetAttributes = {
					188D73542138EE330008D5B0 = {
						CreatedOnToolsVersion = 9.4.1;
					};
				};
			};
			buildConfigurationList = 188D73502138EE330008D5B0 /* Build configuration list for PBXProject "WeTubeFaking" */;
			compatibilityVersion = "Xcode 9.3";
			developmentRegion = en;
			hasScannedForEncodings = 0;
			knownRegions = (
				en,
				Base,
			);
			mainGroup = 188D734C2138EE330008D5B0;
			productRefGroup = 188D73562138EE330008D5B0 /* Products */;
			projectDirPath = "";
			projectRoot = "";
			targets = (
				188D73542138EE330008D5B0 /* WeTubeFaking */,
			);
		};
/* End PBXProject section */

/* Begin PBXResourcesBuildPhase section */
		188D73532138EE330008D5B0 /* Resources */ = {
			isa = PBXResourcesBuildPhase;
			buildActionMask = 2147483647;
			files = (
				188D73632138EE390008D5B0 /* LaunchScreen.storyboard in Resources */,
				188D73602138EE390008D5B0 /* Assets.xcassets in Resources */,
				188D735E2138EE330008D5B0 /* Main.storyboard in Resources */,
			);
			runOnlyForDeploymentPostprocessing = 0;
		};
/* End PBXResourcesBuildPhase section */

/* Begin PBXSourcesBuildPhase section */
		188D73512138EE330008D5B0 /* Sources */ = {
			isa = PBXSourcesBuildPhase;
			buildActionMask = 2147483647;
			files = (
				188D736C213A06760008D5B0 /* HomeCellView.swift in Sources */,
				188D736E213AC4730008D5B0 /* UIView+Custom.swift in Sources */,
				188D7375213BA1BE0008D5B0 /* UIColor+Custom.swift in Sources */,
				188D735B2138EE330008D5B0 /* HomeViewController.swift in Sources */,
				188D7377213CBF970008D5B0 /* BaseCell.swift in Sources */,
				188D73592138EE330008D5B0 /* AppDelegate.swift in Sources */,
				188D7373213B9E390008D5B0 /* MenuBarView.swift in Sources */,
			);
			runOnlyForDeploymentPostprocessing = 0;
		};
/* End PBXSourcesBuildPhase section */

/* Begin PBXVariantGroup section */
		188D735C2138EE330008D5B0 /* Main.storyboard */ = {
			isa = PBXVariantGroup;
			children = (
				188D735D2138EE330008D5B0 /* Base */,
			);
			name = Main.storyboard;
			sourceTree = "<group>";
		};
		188D73612138EE390008D5B0 /* LaunchScreen.storyboard */ = {
			isa = PBXVariantGroup;
			children = (
				188D73622138EE390008D5B0 /* Base */,
			);
			name = LaunchScreen.storyboard;
			sourceTree = "<group>";
		};
/* End PBXVariantGroup section */

/* Begin XCBuildConfiguration section */
		188D73652138EE390008D5B0 /* Debug */ = {
			isa = XCBuildConfiguration;
			buildSettings = {
				ALWAYS_SEARCH_USER_PATHS = NO;
				CLANG_ANALYZER_NONNULL = YES;
				CLANG_ANALYZER_NUMBER_OBJECT_CONVERSION = YES_AGGRESSIVE;
				CLANG_CXX_LANGUAGE_STANDARD = "gnu++14";
				CLANG_CXX_LIBRARY = "libc++";
				CLANG_ENABLE_MODULES = YES;
				CLANG_ENABLE_OBJC_ARC = YES;
				CLANG_ENABLE_OBJC_WEAK = YES;
				CLANG_WARN_BLOCK_CAPTURE_AUTORELEASING = YES;
				CLANG_WARN_BOOL_CONVERSION = YES;
				CLANG_WARN_COMMA = YES;
				CLANG_WARN_CONSTANT_CONVERSION = YES;
				CLANG_WARN_DEPRECATED_OBJC_IMPLEMENTATIONS = YES;
				CLANG_WARN_DIRECT_OBJC_ISA_USAGE = YES_ERROR;
				CLANG_WARN_DOCUMENTATION_COMMENTS = YES;
				CLANG_WARN_EMPTY_BODY = YES;
				CLANG_WARN_ENUM_CONVERSION = YES;
				CLANG_WARN_INFINITE_RECURSION = YES;
				CLANG_WARN_INT_CONVERSION = YES;
				CLANG_WARN_NON_LITERAL_NULL_CONVERSION = YES;
				CLANG_WARN_OBJC_IMPLICIT_RETAIN_SELF = YES;
				CLANG_WARN_OBJC_LITERAL_CONVERSION = YES;
				CLANG_WARN_OBJC_ROOT_CLASS = YES_ERROR;
				CLANG_WARN_RANGE_LOOP_ANALYSIS = YES;
				CLANG_WARN_STRICT_PROTOTYPES = YES;
				CLANG_WARN_SUSPICIOUS_MOVE = YES;
				CLANG_WARN_UNGUARDED_AVAILABILITY = YES_AGGRESSIVE;
				CLANG_WARN_UNREACHABLE_CODE = YES;
				CLANG_WARN__DUPLICATE_METHOD_MATCH = YES;
				CODE_SIGN_IDENTITY = "iPhone Developer";
				COPY_PHASE_STRIP = NO;
				DEBUG_INFORMATION_FORMAT = dwarf;
				ENABLE_STRICT_OBJC_MSGSEND = YES;
				ENABLE_TESTABILITY = YES;
				GCC_C_LANGUAGE_STANDARD = gnu11;
				GCC_DYNAMIC_NO_PIC = NO;
				GCC_NO_COMMON_BLOCKS = YES;
				GCC_OPTIMIZATION_LEVEL = 0;
				GCC_PREPROCESSOR_DEFINITIONS = (
					"DEBUG=1",
					"$(inherited)",
				);
				GCC_WARN_64_TO_32_BIT_CONVERSION = YES;
				GCC_WARN_ABOUT_RETURN_TYPE = YES_ERROR;
				GCC_WARN_UNDECLARED_SELECTOR = YES;
				GCC_WARN_UNINITIALIZED_AUTOS = YES_AGGRESSIVE;
				GCC_WARN_UNUSED_FUNCTION = YES;
				GCC_WARN_UNUSED_VARIABLE = YES;
				IPHONEOS_DEPLOYMENT_TARGET = 11.4;
				MTL_ENABLE_DEBUG_INFO = YES;
				ONLY_ACTIVE_ARCH = YES;
				SDKROOT = iphoneos;
				SWIFT_ACTIVE_COMPILATION_CONDITIONS = DEBUG;
				SWIFT_OPTIMIZATION_LEVEL = "-Onone";
			};
			name = Debug;
		};
		188D73662138EE390008D5B0 /* Release */ = {
			isa = XCBuildConfiguration;
			buildSettings = {
				ALWAYS_SEARCH_USER_PATHS = NO;
				CLANG_ANALYZER_NONNULL = YES;
				CLANG_ANALYZER_NUMBER_OBJECT_CONVERSION = YES_AGGRESSIVE;
				CLANG_CXX_LANGUAGE_STANDARD = "gnu++14";
				CLANG_CXX_LIBRARY = "libc++";
				CLANG_ENABLE_MODULES = YES;
				CLANG_ENABLE_OBJC_ARC = YES;
				CLANG_ENABLE_OBJC_WEAK = YES;
				CLANG_WARN_BLOCK_CAPTURE_AUTORELEASING = YES;
				CLANG_WARN_BOOL_CONVERSION = YES;
				CLANG_WARN_COMMA = YES;
				CLANG_WARN_CONSTANT_CONVERSION = YES;
				CLANG_WARN_DEPRECATED_OBJC_IMPLEMENTATIONS = YES;
				CLANG_WARN_DIRECT_OBJC_ISA_USAGE = YES_ERROR;
				CLANG_WARN_DOCUMENTATION_COMMENTS = YES;
				CLANG_WARN_EMPTY_BODY = YES;
				CLANG_WARN_ENUM_CONVERSION = YES;
				CLANG_WARN_INFINITE_RECURSION = YES;
				CLANG_WARN_INT_CONVERSION = YES;
				CLANG_WARN_NON_LITERAL_NULL_CONVERSION = YES;
				CLANG_WARN_OBJC_IMPLICIT_RETAIN_SELF = YES;
				CLANG_WARN_OBJC_LITERAL_CONVERSION = YES;
				CLANG_WARN_OBJC_ROOT_CLASS = YES_ERROR;
				CLANG_WARN_RANGE_LOOP_ANALYSIS = YES;
				CLANG_WARN_STRICT_PROTOTYPES = YES;
				CLANG_WARN_SUSPICIOUS_MOVE = YES;
				CLANG_WARN_UNGUARDED_AVAILABILITY = YES_AGGRESSIVE;
				CLANG_WARN_UNREACHABLE_CODE = YES;
				CLANG_WARN__DUPLICATE_METHOD_MATCH = YES;
				CODE_SIGN_IDENTITY = "iPhone Developer";
				COPY_PHASE_STRIP = NO;
				DEBUG_INFORMATION_FORMAT = "dwarf-with-dsym";
				ENABLE_NS_ASSERTIONS = NO;
				ENABLE_STRICT_OBJC_MSGSEND = YES;
				GCC_C_LANGUAGE_STANDARD = gnu11;
				GCC_NO_COMMON_BLOCKS = YES;
				GCC_WARN_64_TO_32_BIT_CONVERSION = YES;
				GCC_WARN_ABOUT_RETURN_TYPE = YES_ERROR;
				GCC_WARN_UNDECLARED_SELECTOR = YES;
				GCC_WARN_UNINITIALIZED_AUTOS = YES_AGGRESSIVE;
				GCC_WARN_UNUSED_FUNCTION = YES;
				GCC_WARN_UNUSED_VARIABLE = YES;
				IPHONEOS_DEPLOYMENT_TARGET = 11.4;
				MTL_ENABLE_DEBUG_INFO = NO;
				SDKROOT = iphoneos;
				SWIFT_COMPILATION_MODE = wholemodule;
				SWIFT_OPTIMIZATION_LEVEL = "-O";
				VALIDATE_PRODUCT = YES;
			};
			name = Release;
		};
		188D73682138EE390008D5B0 /* Debug */ = {
			isa = XCBuildConfiguration;
			buildSettings = {
				ASSETCATALOG_COMPILER_APPICON_NAME = AppIcon;
				CODE_SIGN_STYLE = Automatic;
				DEVELOPMENT_TEAM = V2686JM7D9;
				INFOPLIST_FILE = WeTubeFaking/Info.plist;
				LD_RUNPATH_SEARCH_PATHS = (
					"$(inherited)",
					"@executable_path/Frameworks",
				);
				PRODUCT_BUNDLE_IDENTIFIER = br.com.mfelipesp.WeTubeFaking;
				PRODUCT_NAME = "$(TARGET_NAME)";
				SWIFT_VERSION = 4.0;
				TARGETED_DEVICE_FAMILY = "1,2";
			};
			name = Debug;
		};
		188D73692138EE390008D5B0 /* Release */ = {
			isa = XCBuildConfiguration;
			buildSettings = {
				ASSETCATALOG_COMPILER_APPICON_NAME = AppIcon;
				CODE_SIGN_STYLE = Automatic;
				DEVELOPMENT_TEAM = V2686JM7D9;
				INFOPLIST_FILE = WeTubeFaking/Info.plist;
				LD_RUNPATH_SEARCH_PATHS = (
					"$(inherited)",
					"@executable_path/Frameworks",
				);
				PRODUCT_BUNDLE_IDENTIFIER = br.com.mfelipesp.WeTubeFaking;
				PRODUCT_NAME = "$(TARGET_NAME)";
				SWIFT_VERSION = 4.0;
				TARGETED_DEVICE_FAMILY = "1,2";
			};
			name = Release;
		};
/* End XCBuildConfiguration section */

/* Begin XCConfigurationList section */
		188D73502138EE330008D5B0 /* Build configuration list for PBXProject "WeTubeFaking" */ = {
			isa = XCConfigurationList;
			buildConfigurations = (
				188D73652138EE390008D5B0 /* Debug */,
				188D73662138EE390008D5B0 /* Release */,
			);
			defaultConfigurationIsVisible = 0;
			defaultConfigurationName = Release;
		};
		188D73672138EE390008D5B0 /* Build configuration list for PBXNativeTarget "WeTubeFaking" */ = {
			isa = XCConfigurationList;
			buildConfigurations = (
				188D73682138EE390008D5B0 /* Debug */,
				188D73692138EE390008D5B0 /* Release */,
			);
			defaultConfigurationIsVisible = 0;
			defaultConfigurationName = Release;
		};
/* End XCConfigurationList section */
	};
	rootObject = 188D734D2138EE330008D5B0 /* Project object */;
}
